
Microsoft Visual Studio Solution File, Format Version 12.00
# Visual Studio Version 17
VisualStudioVersion = 17.3.32825.248
MinimumVisualStudioVersion = 10.0.40219.1
Project("{FAE04EC0-301F-11D3-BF4B-00C04F79EFBC}") = "AliAmjadMedicalCentre", "AliAmjadMedicalCentre\AliAmjadMedicalCentre.csproj", "{CE5AFDCE-DDD0-40BA-9E80-F067BC98FC29}"
EndProject
Global
	GlobalSection(SolutionConfigurationPlatforms) = preSolution
		Debug|Any CPU = Debug|Any CPU
		Release|Any CPU = Release|Any CPU
	EndGlobalSection
	GlobalSection(ProjectConfigurationPlatforms) = postSolution
		{CE5AFDCE-DDD0-40BA-9E80-F067BC98FC29}.Debug|Any CPU.ActiveCfg = Debug|Any CPU
		{CE5AFDCE-DDD0-40BA-9E80-F067BC98FC29}.Debug|Any CPU.Build.0 = Debug|Any CPU
		{CE5AFDCE-DDD0-40BA-9E80-F067BC98FC29}.Release|Any CPU.ActiveCfg = Release|Any CPU
		{CE5AFDCE-DDD0-40BA-9E80-F067BC98FC29}.Release|Any CPU.Build.0 = Release|Any CPU
	EndGlobalSection
	GlobalSection(SolutionProperties) = preSolution
		HideSolutionNode = FALSE
	EndGlobalSection
	GlobalSection(ExtensibilityGlobals) = postSolution
		SolutionGuid = {EAA61D04-DE93-46DB-8D16-FBB492B43BFF}
	EndGlobalSection
EndGlobal
